
Microsoft Visual Studio Solution File, Format Version 12.00
# Visual Studio Version 16
VisualStudioVersion = 16.0.30413.136
MinimumVisualStudioVersion = 10.0.40219.1
Project("{FAE04EC0-301F-11D3-BF4B-00C04F79EFBC}") = "Average CSharp Program", "Average CSharp Program\Average CSharp Program.csproj", "{0CE9F7C1-2873-4FA0-84DC-388AF305FA71}"
EndProject
Global
	GlobalSection(SolutionConfigurationPlatforms) = preSolution
		Debug|Any CPU = Debug|Any CPU
		Release|Any CPU = Release|Any CPU
	EndGlobalSection
	GlobalSection(ProjectConfigurationPlatforms) = postSolution
		{0CE9F7C1-2873-4FA0-84DC-388AF305FA71}.Debug|Any CPU.ActiveCfg = Debug|Any CPU
		{0CE9F7C1-2873-4FA0-84DC-388AF305FA71}.Debug|Any CPU.Build.0 = Debug|Any CPU
		{0CE9F7C1-2873-4FA0-84DC-388AF305FA71}.Release|Any CPU.ActiveCfg = Release|Any CPU
		{0CE9F7C1-2873-4FA0-84DC-388AF305FA71}.Release|Any CPU.Build.0 = Release|Any CPU
	EndGlobalSection
	GlobalSection(SolutionProperties) = preSolution
		HideSolutionNode = FALSE
	EndGlobalSection
	GlobalSection(ExtensibilityGlobals) = postSolution
		SolutionGuid = {822E41F3-4839-4F04-A408-4D9368C2FBA6}
	EndGlobalSection
EndGlobal
